
Microsoft Visual Studio Solution File, Format Version 12.00
# Visual Studio Version 16
VisualStudioVersion = 16.0.29806.167
MinimumVisualStudioVersion = 10.0.40219.1
Project("{2150E333-8FDC-42A3-9474-1A3956D46DE8}") = "1.Api", "1.Api", "{EE0DCECB-8931-4A11-9660-4D5F9AD486DF}"
EndProject
Project("{2150E333-8FDC-42A3-9474-1A3956D46DE8}") = "2.BLL", "2.BLL", "{A3AC1069-5462-4E03-8812-3FC543283989}"
EndProject
Project("{2150E333-8FDC-42A3-9474-1A3956D46DE8}") = "3.DAL", "3.DAL", "{B142F81B-6F03-4680-8AC1-608E573A055E}"
EndProject
Project("{2150E333-8FDC-42A3-9474-1A3956D46DE8}") = "4.Entities", "4.Entities", "{8A117C1F-9DB7-44D8-A80F-16B13418F9BA}"
EndProject
Project("{2150E333-8FDC-42A3-9474-1A3956D46DE8}") = "5.Helpers", "5.Helpers", "{418FCACF-B92E-4EED-8B28-5AE32DBAC945}"
EndProject
Project("{9A19103F-16F7-4668-BE54-9A1E7A4F7556}") = "VoteNaBoia.Api", "VoteNaBoia.Api\VoteNaBoia.Api.csproj", "{BEFFBAE2-0B9B-4F28-B7FE-430F9F15EB04}"
EndProject
Project("{9A19103F-16F7-4668-BE54-9A1E7A4F7556}") = "VoteNaBoia.Entities", "VoteNaBoia.Entities\VoteNaBoia.Entities.csproj", "{2DBDC579-817F-4222-B634-8ADDD8759555}"
EndProject
Project("{9A19103F-16F7-4668-BE54-9A1E7A4F7556}") = "VoteNaBoia.Helpers", "VoteNaBoia.Helpers\VoteNaBoia.Helpers.csproj", "{5CCAEFF3-495C-4C1E-A03C-D3762141D5D8}"
EndProject
Project("{9A19103F-16F7-4668-BE54-9A1E7A4F7556}") = "VoteNaBoia.DAL", "VoteNaBoia.DAL\VoteNaBoia.DAL.csproj", "{8173861A-EB2B-4F04-B40A-ECCFDE2AA270}"
EndProject
Project("{9A19103F-16F7-4668-BE54-9A1E7A4F7556}") = "VoteNaBoia.DAL.Infra", "VoteNaBoia.DAL.Infra\VoteNaBoia.DAL.Infra.csproj", "{4FB8E66C-35E1-4E75-BEB2-7E52465DBCE7}"
EndProject
Project("{FAE04EC0-301F-11D3-BF4B-00C04F79EFBC}") = "VoteNaBoia.BLL", "VoteNaBoia.BLL\VoteNaBoia.BLL.csproj", "{75855B2B-A5BD-4BD5-8AE8-2F68D5296A8E}"
EndProject
Project("{FAE04EC0-301F-11D3-BF4B-00C04F79EFBC}") = "VoteNaBoia.BLL.Infra", "VoteNaBoia.BLL.Infra\VoteNaBoia.BLL.Infra.csproj", "{6A88CC95-5E8D-4475-AE12-EC8B80F3B664}"
EndProject
Global
	GlobalSection(SolutionConfigurationPlatforms) = preSolution
		Debug|Any CPU = Debug|Any CPU
		Release|Any CPU = Release|Any CPU
	EndGlobalSection
	GlobalSection(ProjectConfigurationPlatforms) = postSolution
		{BEFFBAE2-0B9B-4F28-B7FE-430F9F15EB04}.Debug|Any CPU.ActiveCfg = Debug|Any CPU
		{BEFFBAE2-0B9B-4F28-B7FE-430F9F15EB04}.Debug|Any CPU.Build.0 = Debug|Any CPU
		{BEFFBAE2-0B9B-4F28-B7FE-430F9F15EB04}.Release|Any CPU.ActiveCfg = Release|Any CPU
		{BEFFBAE2-0B9B-4F28-B7FE-430F9F15EB04}.Release|Any CPU.Build.0 = Release|Any CPU
		{2DBDC579-817F-4222-B634-8ADDD8759555}.Debug|Any CPU.ActiveCfg = Debug|Any CPU
		{2DBDC579-817F-4222-B634-8ADDD8759555}.Debug|Any CPU.Build.0 = Debug|Any CPU
		{2DBDC579-817F-4222-B634-8ADDD8759555}.Release|Any CPU.ActiveCfg = Release|Any CPU
		{2DBDC579-817F-4222-B634-8ADDD8759555}.Release|Any CPU.Build.0 = Release|Any CPU
		{5CCAEFF3-495C-4C1E-A03C-D3762141D5D8}.Debug|Any CPU.ActiveCfg = Debug|Any CPU
		{5CCAEFF3-495C-4C1E-A03C-D3762141D5D8}.Debug|Any CPU.Build.0 = Debug|Any CPU
		{5CCAEFF3-495C-4C1E-A03C-D3762141D5D8}.Release|Any CPU.ActiveCfg = Release|Any CPU
		{5CCAEFF3-495C-4C1E-A03C-D3762141D5D8}.Release|Any CPU.Build.0 = Release|Any CPU
		{8173861A-EB2B-4F04-B40A-ECCFDE2AA270}.Debug|Any CPU.ActiveCfg = Debug|Any CPU
		{8173861A-EB2B-4F04-B40A-ECCFDE2AA270}.Debug|Any CPU.Build.0 = Debug|Any CPU
		{8173861A-EB2B-4F04-B40A-ECCFDE2AA270}.Release|Any CPU.ActiveCfg = Release|Any CPU
		{8173861A-EB2B-4F04-B40A-ECCFDE2AA270}.Release|Any CPU.Build.0 = Release|Any CPU
		{4FB8E66C-35E1-4E75-BEB2-7E52465DBCE7}.Debug|Any CPU.ActiveCfg = Debug|Any CPU
		{4FB8E66C-35E1-4E75-BEB2-7E52465DBCE7}.Debug|Any CPU.Build.0 = Debug|Any CPU
		{4FB8E66C-35E1-4E75-BEB2-7E52465DBCE7}.Release|Any CPU.ActiveCfg = Release|Any CPU
		{4FB8E66C-35E1-4E75-BEB2-7E52465DBCE7}.Release|Any CPU.Build.0 = Release|Any CPU
		{75855B2B-A5BD-4BD5-8AE8-2F68D5296A8E}.Debug|Any CPU.ActiveCfg = Debug|Any CPU
		{75855B2B-A5BD-4BD5-8AE8-2F68D5296A8E}.Debug|Any CPU.Build.0 = Debug|Any CPU
		{75855B2B-A5BD-4BD5-8AE8-2F68D5296A8E}.Release|Any CPU.ActiveCfg = Release|Any CPU
		{75855B2B-A5BD-4BD5-8AE8-2F68D5296A8E}.Release|Any CPU.Build.0 = Release|Any CPU
		{6A88CC95-5E8D-4475-AE12-EC8B80F3B664}.Debug|Any CPU.ActiveCfg = Debug|Any CPU
		{6A88CC95-5E8D-4475-AE12-EC8B80F3B664}.Debug|Any CPU.Build.0 = Debug|Any CPU
		{6A88CC95-5E8D-4475-AE12-EC8B80F3B664}.Release|Any CPU.ActiveCfg = Release|Any CPU
		{6A88CC95-5E8D-4475-AE12-EC8B80F3B664}.Release|Any CPU.Build.0 = Release|Any CPU
	EndGlobalSection
	GlobalSection(SolutionProperties) = preSolution
		HideSolutionNode = FALSE
	EndGlobalSection
	GlobalSection(NestedProjects) = preSolution
		{BEFFBAE2-0B9B-4F28-B7FE-430F9F15EB04} = {EE0DCECB-8931-4A11-9660-4D5F9AD486DF}
		{2DBDC579-817F-4222-B634-8ADDD8759555} = {8A117C1F-9DB7-44D8-A80F-16B13418F9BA}
		{5CCAEFF3-495C-4C1E-A03C-D3762141D5D8} = {418FCACF-B92E-4EED-8B28-5AE32DBAC945}
		{8173861A-EB2B-4F04-B40A-ECCFDE2AA270} = {B142F81B-6F03-4680-8AC1-608E573A055E}
		{4FB8E66C-35E1-4E75-BEB2-7E52465DBCE7} = {B142F81B-6F03-4680-8AC1-608E573A055E}
		{75855B2B-A5BD-4BD5-8AE8-2F68D5296A8E} = {A3AC1069-5462-4E03-8812-3FC543283989}
		{6A88CC95-5E8D-4475-AE12-EC8B80F3B664} = {A3AC1069-5462-4E03-8812-3FC543283989}
	EndGlobalSection
	GlobalSection(ExtensibilityGlobals) = postSolution
		SolutionGuid = {C4BFFA1C-EAF8-439D-A05E-9E97782F90E5}
	EndGlobalSection
EndGlobal
